
Microsoft Visual Studio Solution File, Format Version 12.00
# Visual Studio Version 16
VisualStudioVersion = 25.0.1704.0
MinimumVisualStudioVersion = 10.0.40219.1
Project("{FAE04EC0-301F-11D3-BF4B-00C04F79EFBC}") = "Encapsulation", "Encapsulation\Encapsulation.csproj", "{742E5422-D9A1-4386-8982-677CBCFFD8B6}"
EndProject
Global
	GlobalSection(SolutionConfigurationPlatforms) = preSolution
		Debug|Any CPU = Debug|Any CPU
		Release|Any CPU = Release|Any CPU
	EndGlobalSection
	GlobalSection(ProjectConfigurationPlatforms) = postSolution
		{742E5422-D9A1-4386-8982-677CBCFFD8B6}.Debug|Any CPU.ActiveCfg = Debug|Any CPU
		{742E5422-D9A1-4386-8982-677CBCFFD8B6}.Debug|Any CPU.Build.0 = Debug|Any CPU
		{742E5422-D9A1-4386-8982-677CBCFFD8B6}.Release|Any CPU.ActiveCfg = Release|Any CPU
		{742E5422-D9A1-4386-8982-677CBCFFD8B6}.Release|Any CPU.Build.0 = Release|Any CPU
	EndGlobalSection
	GlobalSection(SolutionProperties) = preSolution
		HideSolutionNode = FALSE
	EndGlobalSection
	GlobalSection(ExtensibilityGlobals) = postSolution
		SolutionGuid = {6908F1FF-3ADF-40C7-86FD-A40F2AB7D083}
	EndGlobalSection
EndGlobal
