
Microsoft Visual Studio Solution File, Format Version 12.00
# Visual Studio Version 16
VisualStudioVersion = 25.0.1703.2
MinimumVisualStudioVersion = 10.0.40219.1
Project("{FAE04EC0-301F-11D3-BF4B-00C04F79EFBC}") = "List", "List\List.csproj", "{37D68B75-45E6-428E-BBCA-1CDCA2E1358F}"
EndProject
Global
	GlobalSection(SolutionConfigurationPlatforms) = preSolution
		Debug|Any CPU = Debug|Any CPU
		Release|Any CPU = Release|Any CPU
	EndGlobalSection
	GlobalSection(ProjectConfigurationPlatforms) = postSolution
		{37D68B75-45E6-428E-BBCA-1CDCA2E1358F}.Debug|Any CPU.ActiveCfg = Debug|Any CPU
		{37D68B75-45E6-428E-BBCA-1CDCA2E1358F}.Debug|Any CPU.Build.0 = Debug|Any CPU
		{37D68B75-45E6-428E-BBCA-1CDCA2E1358F}.Release|Any CPU.ActiveCfg = Release|Any CPU
		{37D68B75-45E6-428E-BBCA-1CDCA2E1358F}.Release|Any CPU.Build.0 = Release|Any CPU
	EndGlobalSection
	GlobalSection(SolutionProperties) = preSolution
		HideSolutionNode = FALSE
	EndGlobalSection
	GlobalSection(ExtensibilityGlobals) = postSolution
		SolutionGuid = {B88E3D5D-5258-4666-B182-5439863D99D4}
	EndGlobalSection
EndGlobal
