
Microsoft Visual Studio Solution File, Format Version 12.00
# Visual Studio Version 16
VisualStudioVersion = 16.0.30104.148
MinimumVisualStudioVersion = 10.0.40219.1
Project("{FAE04EC0-301F-11D3-BF4B-00C04F79EFBC}") = "ConsoleAppFMPro", "ConsoleAppFMPro\ConsoleAppFMPro.csproj", "{2AC2D0DB-FA07-4493-9541-74266A4A50DC}"
EndProject
Global
	GlobalSection(SolutionConfigurationPlatforms) = preSolution
		Debug|Any CPU = Debug|Any CPU
		Release|Any CPU = Release|Any CPU
	EndGlobalSection
	GlobalSection(ProjectConfigurationPlatforms) = postSolution
		{2AC2D0DB-FA07-4493-9541-74266A4A50DC}.Debug|Any CPU.ActiveCfg = Debug|Any CPU
		{2AC2D0DB-FA07-4493-9541-74266A4A50DC}.Debug|Any CPU.Build.0 = Debug|Any CPU
		{2AC2D0DB-FA07-4493-9541-74266A4A50DC}.Release|Any CPU.ActiveCfg = Release|Any CPU
		{2AC2D0DB-FA07-4493-9541-74266A4A50DC}.Release|Any CPU.Build.0 = Release|Any CPU
	EndGlobalSection
	GlobalSection(SolutionProperties) = preSolution
		HideSolutionNode = FALSE
	EndGlobalSection
	GlobalSection(ExtensibilityGlobals) = postSolution
		SolutionGuid = {B5A3FD92-30AB-48F6-A30D-6A338A4C20DA}
	EndGlobalSection
EndGlobal
